// !$*UTF8*$!
{
	archiveVersion = 1;
	classes = {
	};
	objectVersion = 50;
	objects = {

/* Begin PBXBuildFile section */
		F5065EBE2399FF510006D45B /* AppDelegate.swift in Sources */ = {isa = PBXBuildFile; fileRef = F5065EBD2399FF510006D45B /* AppDelegate.swift */; };
		F5065EC22399FF550006D45B /* Assets.xcassets in Resources */ = {isa = PBXBuildFile; fileRef = F5065EC12399FF550006D45B /* Assets.xcassets */; };
		F5065ED02399FF870006D45B /* main.swift in Sources */ = {isa = PBXBuildFile; fileRef = F5065ECF2399FF870006D45B /* main.swift */; };
		F5065ED22399FFC40006D45B /* MainViewController.swift in Sources */ = {isa = PBXBuildFile; fileRef = F5065ED12399FFC40006D45B /* MainViewController.swift */; };
		F5065ED42399FFD30006D45B /* GLCoreProfileView.swift in Sources */ = {isa = PBXBuildFile; fileRef = F5065ED32399FFD30006D45B /* GLCoreProfileView.swift */; };
		F5065ED7239A00220006D45B /* VertexShader.glsl in Resources */ = {isa = PBXBuildFile; fileRef = F5065ED5239A00220006D45B /* VertexShader.glsl */; };
		F5065ED8239A00220006D45B /* FragmentShader.glsl in Resources */ = {isa = PBXBuildFile; fileRef = F5065ED6239A00220006D45B /* FragmentShader.glsl */; };
/* End PBXBuildFile section */

/* Begin PBXFileReference section */
		F5065EBA2399FF510006D45B /* Noise.app */ = {isa = PBXFileReference; explicitFileType = wrapper.application; includeInIndex = 0; path = Noise.app; sourceTree = BUILT_PRODUCTS_DIR; };
		F5065EBD2399FF510006D45B /* AppDelegate.swift */ = {isa = PBXFileReference; lastKnownFileType = sourcecode.swift; path = AppDelegate.swift; sourceTree = "<group>"; };
		F5065EC12399FF550006D45B /* Assets.xcassets */ = {isa = PBXFileReference; lastKnownFileType = folder.assetcatalog; path = Assets.xcassets; sourceTree = "<group>"; };
		F5065EC62399FF550006D45B /* Info.plist */ = {isa = PBXFileReference; lastKnownFileType = text.plist.xml; path = Info.plist; sourceTree = "<group>"; };
		F5065EC72399FF550006D45B /* AmbientOcclusion.entitlements */ = {isa = PBXFileReference; lastKnownFileType = text.plist.entitlements; path = AmbientOcclusion.entitlements; sourceTree = "<group>"; };
		F5065ECF2399FF870006D45B /* main.swift */ = {isa = PBXFileReference; lastKnownFileType = sourcecode.swift; path = main.swift; sourceTree = "<group>"; };
		F5065ED12399FFC40006D45B /* MainViewController.swift */ = {isa = PBXFileReference; lastKnownFileType = sourcecode.swift; path = MainViewController.swift; sourceTree = "<group>"; };
		F5065ED32399FFD30006D45B /* GLCoreProfileView.swift */ = {isa = PBXFileReference; lastKnownFileType = sourcecode.swift; path = GLCoreProfileView.swift; sourceTree = "<group>"; };
		F5065ED5239A00220006D45B /* VertexShader.glsl */ = {isa = PBXFileReference; fileEncoding = 4; lastKnownFileType = text; path = VertexShader.glsl; sourceTree = "<group>"; };
		F5065ED6239A00220006D45B /* FragmentShader.glsl */ = {isa = PBXFileReference; fileEncoding = 4; lastKnownFileType = text; path = FragmentShader.glsl; sourceTree = "<group>"; };
/* End PBXFileReference section */

/* Begin PBXFrameworksBuildPhase section */
		F5065EB72399FF510006D45B /* Frameworks */ = {
			isa = PBXFrameworksBuildPhase;
			buildActionMask = 2147483647;
			files = (
			);
			runOnlyForDeploymentPostprocessing = 0;
		};
/* End PBXFrameworksBuildPhase section */

/* Begin PBXGroup section */
		F5065EB12399FF510006D45B = {
			isa = PBXGroup;
			children = (
				F5065ECE2399FF760006D45B /* Resource */,
				F5065ECD2399FF6F0006D45B /* Source */,
				F5065EBC2399FF510006D45B /* AmbientOcclusion */,
				F5065EBB2399FF510006D45B /* Products */,
			);
			sourceTree = "<group>";
		};
		F5065EBB2399FF510006D45B /* Products */ = {
			isa = PBXGroup;
			children = (
				F5065EBA2399FF510006D45B /* Noise.app */,
			);
			name = Products;
			sourceTree = "<group>";
		};
		F5065EBC2399FF510006D45B /* AmbientOcclusion */ = {
			isa = PBXGroup;
			children = (
				F5065EC12399FF550006D45B /* Assets.xcassets */,
				F5065EC62399FF550006D45B /* Info.plist */,
				F5065EC72399FF550006D45B /* AmbientOcclusion.entitlements */,
			);
			path = AmbientOcclusion;
			sourceTree = "<group>";
		};
		F5065ECD2399FF6F0006D45B /* Source */ = {
			isa = PBXGroup;
			children = (
				F5065EBD2399FF510006D45B /* AppDelegate.swift */,
				F5065ECF2399FF870006D45B /* main.swift */,
				F5065ED12399FFC40006D45B /* MainViewController.swift */,
				F5065ED32399FFD30006D45B /* GLCoreProfileView.swift */,
			);
			path = Source;
			sourceTree = "<group>";
		};
		F5065ECE2399FF760006D45B /* Resource */ = {
			isa = PBXGroup;
			children = (
				F5065ED5239A00220006D45B /* VertexShader.glsl */,
				F5065ED6239A00220006D45B /* FragmentShader.glsl */,
			);
			path = Resource;
			sourceTree = "<group>";
		};
/* End PBXGroup section */

/* Begin PBXNativeTarget section */
		F5065EB92399FF510006D45B /* Noise */ = {
			isa = PBXNativeTarget;
			buildConfigurationList = F5065ECA2399FF550006D45B /* Build configuration list for PBXNativeTarget "Noise" */;
			buildPhases = (
				F5065EB62399FF510006D45B /* Sources */,
				F5065EB72399FF510006D45B /* Frameworks */,
				F5065EB82399FF510006D45B /* Resources */,
			);
			buildRules = (
			);
			dependencies = (
			);
			name = Noise;
			productName = AmbientOcclusion;
			productReference = F5065EBA2399FF510006D45B /* Noise.app */;
			productType = "com.apple.product-type.application";
		};
/* End PBXNativeTarget section */

/* Begin PBXProject section */
		F5065EB22399FF510006D45B /* Project object */ = {
			isa = PBXProject;
			attributes = {
				LastSwiftUpdateCheck = 1110;
				LastUpgradeCheck = 1110;
				ORGANIZATIONNAME = chenjie;
				TargetAttributes = {
					F5065EB92399FF510006D45B = {
						CreatedOnToolsVersion = 11.1;
					};
				};
			};
			buildConfigurationList = F5065EB52399FF510006D45B /* Build configuration list for PBXProject "Noise" */;
			compatibilityVersion = "Xcode 9.3";
			developmentRegion = en;
			hasScannedForEncodings = 0;
			knownRegions = (
				en,
				Base,
			);
			mainGroup = F5065EB12399FF510006D45B;
			productRefGroup = F5065EBB2399FF510006D45B /* Products */;
			projectDirPath = "";
			projectRoot = "";
			targets = (
				F5065EB92399FF510006D45B /* Noise */,
			);
		};
/* End PBXProject section */

/* Begin PBXResourcesBuildPhase section */
		F5065EB82399FF510006D45B /* Resources */ = {
			isa = PBXResourcesBuildPhase;
			buildActionMask = 2147483647;
			files = (
				F5065ED7239A00220006D45B /* VertexShader.glsl in Resources */,
				F5065EC22399FF550006D45B /* Assets.xcassets in Resources */,
				F5065ED8239A00220006D45B /* FragmentShader.glsl in Resources */,
			);
			runOnlyForDeploymentPostprocessing = 0;
		};
/* End PBXResourcesBuildPhase section */

/* Begin PBXSourcesBuildPhase section */
		F5065EB62399FF510006D45B /* Sources */ = {
			isa = PBXSourcesBuildPhase;
			buildActionMask = 2147483647;
			files = (
				F5065ED22399FFC40006D45B /* MainViewController.swift in Sources */,
				F5065ED02399FF870006D45B /* main.swift in Sources */,
				F5065ED42399FFD30006D45B /* GLCoreProfileView.swift in Sources */,
				F5065EBE2399FF510006D45B /* AppDelegate.swift in Sources */,
			);
			runOnlyForDeploymentPostprocessing = 0;
		};
/* End PBXSourcesBuildPhase section */

/* Begin XCBuildConfiguration section */
		F5065EC82399FF550006D45B /* Debug */ = {
			isa = XCBuildConfiguration;
			buildSettings = {
				ALWAYS_SEARCH_USER_PATHS = NO;
				CLANG_ANALYZER_NONNULL = YES;
				CLANG_ANALYZER_NUMBER_OBJECT_CONVERSION = YES_AGGRESSIVE;
				CLANG_CXX_LANGUAGE_STANDARD = "gnu++14";
				CLANG_CXX_LIBRARY = "libc++";
				CLANG_ENABLE_MODULES = YES;
				CLANG_ENABLE_OBJC_ARC = YES;
				CLANG_ENABLE_OBJC_WEAK = YES;
				CLANG_WARN_BLOCK_CAPTURE_AUTORELEASING = YES;
				CLANG_WARN_BOOL_CONVERSION = YES;
				CLANG_WARN_COMMA = YES;
				CLANG_WARN_CONSTANT_CONVERSION = YES;
				CLANG_WARN_DEPRECATED_OBJC_IMPLEMENTATIONS = YES;
				CLANG_WARN_DIRECT_OBJC_ISA_USAGE = YES_ERROR;
				CLANG_WARN_DOCUMENTATION_COMMENTS = YES;
				CLANG_WARN_EMPTY_BODY = YES;
				CLANG_WARN_ENUM_CONVERSION = YES;
				CLANG_WARN_INFINITE_RECURSION = YES;
				CLANG_WARN_INT_CONVERSION = YES;
				CLANG_WARN_NON_LITERAL_NULL_CONVERSION = YES;
				CLANG_WARN_OBJC_IMPLICIT_RETAIN_SELF = YES;
				CLANG_WARN_OBJC_LITERAL_CONVERSION = YES;
				CLANG_WARN_OBJC_ROOT_CLASS = YES_ERROR;
				CLANG_WARN_RANGE_LOOP_ANALYSIS = YES;
				CLANG_WARN_STRICT_PROTOTYPES = YES;
				CLANG_WARN_SUSPICIOUS_MOVE = YES;
				CLANG_WARN_UNGUARDED_AVAILABILITY = YES_AGGRESSIVE;
				CLANG_WARN_UNREACHABLE_CODE = YES;
				CLANG_WARN__DUPLICATE_METHOD_MATCH = YES;
				COPY_PHASE_STRIP = NO;
				DEBUG_INFORMATION_FORMAT = dwarf;
				ENABLE_STRICT_OBJC_MSGSEND = YES;
				ENABLE_TESTABILITY = YES;
				GCC_C_LANGUAGE_STANDARD = gnu11;
				GCC_DYNAMIC_NO_PIC = NO;
				GCC_NO_COMMON_BLOCKS = YES;
				GCC_OPTIMIZATION_LEVEL = 0;
				GCC_PREPROCESSOR_DEFINITIONS = (
					"DEBUG=1",
					"$(inherited)",
				);
				GCC_WARN_64_TO_32_BIT_CONVERSION = YES;
				GCC_WARN_ABOUT_RETURN_TYPE = YES_ERROR;
				GCC_WARN_UNDECLARED_SELECTOR = YES;
				GCC_WARN_UNINITIALIZED_AUTOS = YES_AGGRESSIVE;
				GCC_WARN_UNUSED_FUNCTION = YES;
				GCC_WARN_UNUSED_VARIABLE = YES;
				MACOSX_DEPLOYMENT_TARGET = 10.15;
				MTL_ENABLE_DEBUG_INFO = INCLUDE_SOURCE;
				MTL_FAST_MATH = YES;
				ONLY_ACTIVE_ARCH = YES;
				SDKROOT = macosx;
				SWIFT_ACTIVE_COMPILATION_CONDITIONS = DEBUG;
				SWIFT_OPTIMIZATION_LEVEL = "-Onone";
			};
			name = Debug;
		};
		F5065EC92399FF550006D45B /* Release */ = {
			isa = XCBuildConfiguration;
			buildSettings = {
				ALWAYS_SEARCH_USER_PATHS = NO;
				CLANG_ANALYZER_NONNULL = YES;
				CLANG_ANALYZER_NUMBER_OBJECT_CONVERSION = YES_AGGRESSIVE;
				CLANG_CXX_LANGUAGE_STANDARD = "gnu++14";
				CLANG_CXX_LIBRARY = "libc++";
				CLANG_ENABLE_MODULES = YES;
				CLANG_ENABLE_OBJC_ARC = YES;
				CLANG_ENABLE_OBJC_WEAK = YES;
				CLANG_WARN_BLOCK_CAPTURE_AUTORELEASING = YES;
				CLANG_WARN_BOOL_CONVERSION = YES;
				CLANG_WARN_COMMA = YES;
				CLANG_WARN_CONSTANT_CONVERSION = YES;
				CLANG_WARN_DEPRECATED_OBJC_IMPLEMENTATIONS = YES;
				CLANG_WARN_DIRECT_OBJC_ISA_USAGE = YES_ERROR;
				CLANG_WARN_DOCUMENTATION_COMMENTS = YES;
				CLANG_WARN_EMPTY_BODY = YES;
				CLANG_WARN_ENUM_CONVERSION = YES;
				CLANG_WARN_INFINITE_RECURSION = YES;
				CLANG_WARN_INT_CONVERSION = YES;
				CLANG_WARN_NON_LITERAL_NULL_CONVERSION = YES;
				CLANG_WARN_OBJC_IMPLICIT_RETAIN_SELF = YES;
				CLANG_WARN_OBJC_LITERAL_CONVERSION = YES;
				CLANG_WARN_OBJC_ROOT_CLASS = YES_ERROR;
				CLANG_WARN_RANGE_LOOP_ANALYSIS = YES;
				CLANG_WARN_STRICT_PROTOTYPES = YES;
				CLANG_WARN_SUSPICIOUS_MOVE = YES;
				CLANG_WARN_UNGUARDED_AVAILABILITY = YES_AGGRESSIVE;
				CLANG_WARN_UNREACHABLE_CODE = YES;
				CLANG_WARN__DUPLICATE_METHOD_MATCH = YES;
				COPY_PHASE_STRIP = NO;
				DEBUG_INFORMATION_FORMAT = "dwarf-with-dsym";
				ENABLE_NS_ASSERTIONS = NO;
				ENABLE_STRICT_OBJC_MSGSEND = YES;
				GCC_C_LANGUAGE_STANDARD = gnu11;
				GCC_NO_COMMON_BLOCKS = YES;
				GCC_WARN_64_TO_32_BIT_CONVERSION = YES;
				GCC_WARN_ABOUT_RETURN_TYPE = YES_ERROR;
				GCC_WARN_UNDECLARED_SELECTOR = YES;
				GCC_WARN_UNINITIALIZED_AUTOS = YES_AGGRESSIVE;
				GCC_WARN_UNUSED_FUNCTION = YES;
				GCC_WARN_UNUSED_VARIABLE = YES;
				MACOSX_DEPLOYMENT_TARGET = 10.15;
				MTL_ENABLE_DEBUG_INFO = NO;
				MTL_FAST_MATH = YES;
				SDKROOT = macosx;
				SWIFT_COMPILATION_MODE = wholemodule;
				SWIFT_OPTIMIZATION_LEVEL = "-O";
			};
			name = Release;
		};
		F5065ECB2399FF550006D45B /* Debug */ = {
			isa = XCBuildConfiguration;
			buildSettings = {
				ASSETCATALOG_COMPILER_APPICON_NAME = AppIcon;
				CODE_SIGN_ENTITLEMENTS = AmbientOcclusion/AmbientOcclusion.entitlements;
				CODE_SIGN_STYLE = Automatic;
				COMBINE_HIDPI_IMAGES = YES;
				DEVELOPMENT_TEAM = HABU2A8ZM2;
				ENABLE_HARDENED_RUNTIME = YES;
				INFOPLIST_FILE = AmbientOcclusion/Info.plist;
				LD_RUNPATH_SEARCH_PATHS = (
					"$(inherited)",
					"@executable_path/../Frameworks",
				);
				MACOSX_DEPLOYMENT_TARGET = 10.13;
				PRODUCT_BUNDLE_IDENTIFIER = com.richardjiechen.AmbientOcclusion;
				PRODUCT_NAME = "$(TARGET_NAME)";
				SWIFT_VERSION = 5.0;
			};
			name = Debug;
		};
		F5065ECC2399FF550006D45B /* Release */ = {
			isa = XCBuildConfiguration;
			buildSettings = {
				ASSETCATALOG_COMPILER_APPICON_NAME = AppIcon;
				CODE_SIGN_ENTITLEMENTS = AmbientOcclusion/AmbientOcclusion.entitlements;
				CODE_SIGN_STYLE = Automatic;
				COMBINE_HIDPI_IMAGES = YES;
				DEVELOPMENT_TEAM = HABU2A8ZM2;
				ENABLE_HARDENED_RUNTIME = YES;
				INFOPLIST_FILE = AmbientOcclusion/Info.plist;
				LD_RUNPATH_SEARCH_PATHS = (
					"$(inherited)",
					"@executable_path/../Frameworks",
				);
				MACOSX_DEPLOYMENT_TARGET = 10.13;
				PRODUCT_BUNDLE_IDENTIFIER = com.richardjiechen.AmbientOcclusion;
				PRODUCT_NAME = "$(TARGET_NAME)";
				SWIFT_VERSION = 5.0;
			};
			name = Release;
		};
/* End XCBuildConfiguration section */

/* Begin XCConfigurationList section */
		F5065EB52399FF510006D45B /* Build configuration list for PBXProject "Noise" */ = {
			isa = XCConfigurationList;
			buildConfigurations = (
				F5065EC82399FF550006D45B /* Debug */,
				F5065EC92399FF550006D45B /* Release */,
			);
			defaultConfigurationIsVisible = 0;
			defaultConfigurationName = Release;
		};
		F5065ECA2399FF550006D45B /* Build configuration list for PBXNativeTarget "Noise" */ = {
			isa = XCConfigurationList;
			buildConfigurations = (
				F5065ECB2399FF550006D45B /* Debug */,
				F5065ECC2399FF550006D45B /* Release */,
			);
			defaultConfigurationIsVisible = 0;
			defaultConfigurationName = Release;
		};
/* End XCConfigurationList section */
	};
	rootObject = F5065EB22399FF510006D45B /* Project object */;
}
